<?xml version="1.0" encoding="UTF-8" standalone="yes" ?>
<CodeBlocks_project_file>
	<FileVersion major="1" minor="6" />
	<Project>
		<Option title="Aethyra" />
		<Option pch_mode="0" />
		<Option compiler="gcc" />
		<Build>
			<Target title="windows">
				<Option output="aethyra.exe" prefix_auto="0" extension_auto="0" />
				<Option type="0" />
				<Option compiler="gcc" />
				<Option projectResourceIncludeDirsRelation="0" />
				<Compiler>
					<Add option="-DCODEBLOCKS" />
					<Add option="-DENABLE_NLS" />
					<Add option="-DNOGDI" />
					<Add option="-DUSE_OPENGL" />
					<Add option="-DWIN32" />
					<Add directory="resources\include\SDL" />
					<Add directory="resources\include" />
				</Compiler>
				<Linker>
					<Add option="-Wl,-u,_WinMain@16" />
					<Add library="curl.dll" />
					<Add library="guichan" />
					<Add library="intl" />
					<Add library="mingw32" />
					<Add library="opengl32" />
					<Add library="physfs" />
					<Add library="png12.dll" />
					<Add library="SDLmain" />
					<Add library="SDL.dll" />
					<Add library="SDL_gfx" />
					<Add library="SDL_image" />
					<Add library="SDL_mixer" />
					<Add library="SDL_net" />
					<Add library="SDL_ttf" />
					<Add library="ws2_32" />
					<Add library="winmm" />
					<Add library="wsock32" />
					<Add library="xml2.dll" />
					<Add library="z.dll" />
					<Add directory="resources\lib" />
				</Linker>
			</Target>
			<Target title="unix">
				<Option platforms="Unix;" />
				<Option output="aethyra" prefix_auto="1" extension_auto="1" />
				<Option type="0" />
				<Option compiler="gcc" />
				<Option projectResourceIncludeDirsRelation="0" />
				<Compiler>
					<Add option="`curl-config --cflags`" />
                                        <Add option="`pkg-config --cflags libxml-2.0`" />
					<Add option="`sdl-config --cflags`" />
					<Add option="-DCODEBLOCKS" />
					<Add option="-DENABLE_NLS" />
					<Add option="-DUSE_OPENGL" />
					<Add option="-DUSE_X11" />
					<Add directory="/usr/include" />
                                        <Add directory="/usr/X11R6/include" />
				</Compiler>
				<Linker>
					<Add option="`curl-config --libs`" />
                                        <Add option="`pkg-config --libs libxml-2.0`" />
					<Add option="`sdl-config --libs`" />
					<Add library="curl" />
					<Add library="guichan" />
					<Add library="GL" />
					<Add library="physfs" />
					<Add library="png" />
					<Add library="SDL_gfx" />
					<Add library="SDL_image" />
					<Add library="SDL_mixer" />
					<Add library="SDL_net" />
					<Add library="SDL_ttf" />
					<Add library="xml2" />
					<Add library="z" />
					<Add directory="/usr/lib" />
				</Linker>
			</Target>
		</Build>
		<VirtualTargets>
			<Add alias="All" targets="windows;" />
		</VirtualTargets>
		<Compiler>
			<Add option="-fexpensive-optimizations" />
			<Add option="-Os" />
			<Add option="-O3" />
			<Add option="-O" />
			<Add option="-Wall" />
		</Compiler>
		<Linker>
			<Add option="-s" />
			<Add option="-enable-auto-import" />
		</Linker>

		<Unit filename="src\bindings\curl\downloadwrapper.cpp" />
		<Unit filename="src\bindings\curl\downloadwrapper.h" />
		<Unit filename="src\bindings\curl\verifier.cpp" />
		<Unit filename="src\bindings\curl\verifier.h" />
		<Unit filename="src\bindings\guichan\graphics.cpp" />
		<Unit filename="src\bindings\guichan\graphics.h" />
		<Unit filename="src\bindings\guichan\guichanfwd.h" />
		<Unit filename="src\bindings\guichan\gui.cpp" />
		<Unit filename="src\bindings\guichan\gui.h" />
		<Unit filename="src\bindings\guichan\inputmanager.cpp" />
		<Unit filename="src\bindings\guichan\inputmanager.h" />
		<Unit filename="src\bindings\guichan\layout.cpp" />
		<Unit filename="src\bindings\guichan\layout.h" />
		<Unit filename="src\bindings\guichan\layouthelper.cpp" />
		<Unit filename="src\bindings\guichan\layouthelper.h" />
		<Unit filename="src\bindings\guichan\palette.cpp" />
		<Unit filename="src\bindings\guichan\palette.h" />
		<Unit filename="src\bindings\guichan\protectedfocuslistener.cpp" />
		<Unit filename="src\bindings\guichan\protectedfocuslistener.h" />
		<Unit filename="src\bindings\guichan\skin.cpp" />
		<Unit filename="src\bindings\guichan\skin.h" />
		<Unit filename="src\bindings\guichan\text.cpp" />
		<Unit filename="src\bindings\guichan\text.h" />
		<Unit filename="src\bindings\guichan\textmanager.cpp" />
		<Unit filename="src\bindings\guichan\textmanager.h" />
		<Unit filename="src\bindings\guichan\textrenderer.h" />
		<Unit filename="src\bindings\guichan\truetypefont.cpp" />
		<Unit filename="src\bindings\guichan\truetypefont.h" />
		<Unit filename="src\bindings\guichan\dialogs\confirmdialog.cpp" />
		<Unit filename="src\bindings\guichan\dialogs\confirmdialog.h" />
		<Unit filename="src\bindings\guichan\dialogs\listdialog.cpp" />
		<Unit filename="src\bindings\guichan\dialogs\listdialog.h" />
		<Unit filename="src\bindings\guichan\dialogs\okdialog.cpp" />
		<Unit filename="src\bindings\guichan\dialogs\okdialog.h" />
		<Unit filename="src\bindings\guichan\dialogs\helpdialog.cpp" />
		<Unit filename="src\bindings\guichan\dialogs\helpdialog.h" />
		<Unit filename="src\bindings\guichan\dialogs\setupdialog.cpp" />
		<Unit filename="src\bindings\guichan\dialogs\setupdialog.h" />
		<Unit filename="src\bindings\guichan\dialogs\textinputdialog.cpp" />
		<Unit filename="src\bindings\guichan\dialogs\textinputdialog.h" />
		<Unit filename="src\bindings\guichan\dialogs\tabs\setup_audio.cpp" />
		<Unit filename="src\bindings\guichan\dialogs\tabs\setup_audio.h" />
		<Unit filename="src\bindings\guichan\dialogs\tabs\setup_colors.cpp" />
		<Unit filename="src\bindings\guichan\dialogs\tabs\setup_colors.h" />
		<Unit filename="src\bindings\guichan\dialogs\tabs\setup_gui.cpp" />
		<Unit filename="src\bindings\guichan\dialogs\tabs\setup_gui.h" />
		<Unit filename="src\bindings\guichan\dialogs\tabs\setup_input.cpp" />
		<Unit filename="src\bindings\guichan\dialogs\tabs\setup_input.h" />
		<Unit filename="src\bindings\guichan\handlers\focushandler.cpp" />
		<Unit filename="src\bindings\guichan\handlers\focushandler.h" />
		<Unit filename="src\bindings\guichan\handlers\lettertextwraphandler.cpp" />
		<Unit filename="src\bindings\guichan\handlers\lettertextwraphandler.h" />
		<Unit filename="src\bindings\guichan\handlers\linkhandler.h" />
		<Unit filename="src\bindings\guichan\handlers\shortcuthandler.cpp" />
		<Unit filename="src\bindings\guichan\handlers\shortcuthandler.h" />
		<Unit filename="src\bindings\guichan\handlers\textwraphandler.h" />
		<Unit filename="src\bindings\guichan\handlers\wordtextwraphandler.cpp" />
		<Unit filename="src\bindings\guichan\handlers\wordtextwraphandler.h" />
		<Unit filename="src\bindings\guichan\models\keylistmodel.h" />
		<Unit filename="src\bindings\guichan\models\linkmappedlistmodel.cpp" />
		<Unit filename="src\bindings\guichan\models\linkmappedlistmodel.h" />
		<Unit filename="src\bindings\guichan\models\mappedlistmodel.h" />
		<Unit filename="src\bindings\guichan\models\modelistmodel.cpp" />
		<Unit filename="src\bindings\guichan\models\modelistmodel.h" />
		<Unit filename="src\bindings\guichan\models\statictablemodel.cpp" />
		<Unit filename="src\bindings\guichan\models\statictablemodel.h" />
		<Unit filename="src\bindings\guichan\models\tablemodel.cpp" />
		<Unit filename="src\bindings\guichan\models\tablemodel.h" />
		<Unit filename="src\bindings\guichan\opengl\openglgraphics.cpp" />
		<Unit filename="src\bindings\guichan\opengl\openglgraphics.h" />
		<Unit filename="src\bindings\guichan\sdl\sdlgraphics.cpp" />
		<Unit filename="src\bindings\guichan\sdl\sdlgraphics.h" />
		<Unit filename="src\bindings\guichan\sdl\sdlinput.cpp" />
		<Unit filename="src\bindings\guichan\sdl\sdlinput.h" />
		<Unit filename="src\bindings\guichan\widgets\beingbox.cpp" />
		<Unit filename="src\bindings\guichan\widgets\beingbox.h" />
		<Unit filename="src\bindings\guichan\widgets\button.cpp" />
		<Unit filename="src\bindings\guichan\widgets\button.h" />
		<Unit filename="src\bindings\guichan\widgets\chatinput.cpp" />
		<Unit filename="src\bindings\guichan\widgets\chatinput.h" />
		<Unit filename="src\bindings\guichan\widgets\checkbox.cpp" />
		<Unit filename="src\bindings\guichan\widgets\checkbox.h" />
		<Unit filename="src\bindings\guichan\widgets\container.cpp" />
		<Unit filename="src\bindings\guichan\widgets\container.h" />
		<Unit filename="src\bindings\guichan\widgets\desktop.cpp" />
		<Unit filename="src\bindings\guichan\widgets\desktop.h" />
		<Unit filename="src\bindings\guichan\widgets\dropdown.cpp" />
		<Unit filename="src\bindings\guichan\widgets\dropdown.h" />
		<Unit filename="src\bindings\guichan\widgets\icon.cpp" />
		<Unit filename="src\bindings\guichan\widgets\icon.h" />
		<Unit filename="src\bindings\guichan\widgets\imagebutton.cpp" />
		<Unit filename="src\bindings\guichan\widgets\imagebutton.h" />
		<Unit filename="src\bindings\guichan\widgets\inttextfield.h" />
		<Unit filename="src\bindings\guichan\widgets\inttextfield.cpp" />
		<Unit filename="src\bindings\guichan\widgets\label.cpp" />
		<Unit filename="src\bindings\guichan\widgets\label.h" />
		<Unit filename="src\bindings\guichan\widgets\listbox.cpp" />
		<Unit filename="src\bindings\guichan\widgets\listbox.h" />
		<Unit filename="src\bindings\guichan\widgets\mappedlistbox.cpp" />
		<Unit filename="src\bindings\guichan\widgets\mappedlistbox.h" />
		<Unit filename="src\bindings\guichan\widgets\passwordfield.cpp" />
		<Unit filename="src\bindings\guichan\widgets\passwordfield.h" />
		<Unit filename="src\bindings\guichan\widgets\popup.cpp" />
		<Unit filename="src\bindings\guichan\widgets\popup.h" />
		<Unit filename="src\bindings\guichan\widgets\progressbar.cpp" />
		<Unit filename="src\bindings\guichan\widgets\progressbar.h" />
		<Unit filename="src\bindings\guichan\widgets\proxywidget.cpp" />
		<Unit filename="src\bindings\guichan\widgets\proxywidget.h" />
		<Unit filename="src\bindings\guichan\widgets\radiobutton.cpp" />
		<Unit filename="src\bindings\guichan\widgets\radiobutton.h" />
		<Unit filename="src\bindings\guichan\widgets\resizegrip.cpp" />
		<Unit filename="src\bindings\guichan\widgets\resizegrip.h" />
		<Unit filename="src\bindings\guichan\widgets\richtextbox.cpp" />
		<Unit filename="src\bindings\guichan\widgets\richtextbox.h" />
		<Unit filename="src\bindings\guichan\widgets\scrollarea.cpp" />
		<Unit filename="src\bindings\guichan\widgets\scrollarea.h" />
		<Unit filename="src\bindings\guichan\widgets\setuptabcontainer.cpp" />
		<Unit filename="src\bindings\guichan\widgets\setuptabcontainer.h" />
		<Unit filename="src\bindings\guichan\widgets\shortcutcontainer.cpp" />
		<Unit filename="src\bindings\guichan\widgets\shortcutcontainer.h" />
		<Unit filename="src\bindings\guichan\widgets\shortcutwindow.cpp" />
		<Unit filename="src\bindings\guichan\widgets\shortcutwindow.h" />
		<Unit filename="src\bindings\guichan\widgets\slider.cpp" />
		<Unit filename="src\bindings\guichan\widgets\slider.h" />
		<Unit filename="src\bindings\guichan\widgets\speechbubble.cpp" />
		<Unit filename="src\bindings\guichan\widgets\speechbubble.h" />
		<Unit filename="src\bindings\guichan\widgets\tab.cpp" />
		<Unit filename="src\bindings\guichan\widgets\tab.h" />
		<Unit filename="src\bindings\guichan\widgets\tabbedarea.cpp" />
		<Unit filename="src\bindings\guichan\widgets\tabbedarea.h" />
		<Unit filename="src\bindings\guichan\widgets\table.cpp" />
		<Unit filename="src\bindings\guichan\widgets\table.h" />
		<Unit filename="src\bindings\guichan\widgets\textbox.cpp" />
		<Unit filename="src\bindings\guichan\widgets\textbox.h" />
		<Unit filename="src\bindings\guichan\widgets\textfield.cpp" />
		<Unit filename="src\bindings\guichan\widgets\textfield.h" />
		<Unit filename="src\bindings\guichan\widgets\textpreview.cpp" />
		<Unit filename="src\bindings\guichan\widgets\textpreview.h" />
		<Unit filename="src\bindings\guichan\widgets\tooltip.cpp" />
		<Unit filename="src\bindings\guichan\widgets\tooltip.h" />
		<Unit filename="src\bindings\guichan\widgets\window.cpp" />
		<Unit filename="src\bindings\guichan\widgets\window.h" />
		<Unit filename="src\bindings\sdl\joystick.cpp" />
		<Unit filename="src\bindings\sdl\joystick.h" />
		<Unit filename="src\bindings\sdl\keyboardconfig.cpp" />
		<Unit filename="src\bindings\sdl\keyboardconfig.h" />
		<Unit filename="src\bindings\sdl\sound.cpp" />
		<Unit filename="src\bindings\sdl\sound.h" />
		<Unit filename="src\bindings\zlib\adler32.cpp" />
		<Unit filename="src\bindings\zlib\adler32.h" />
		<Unit filename="src\bindings\zlib\memorytools.cpp" />
		<Unit filename="src\bindings\zlib\memorytools.h" />
		<Unit filename="src\core\configlistener.h" />
		<Unit filename="src\core\configuration.cpp" />
		<Unit filename="src\core\configuration.h" />
		<Unit filename="src\core\log.cpp" />
		<Unit filename="src\core\log.h" />
		<Unit filename="src\core\recorder.cpp" />
		<Unit filename="src\core\recorder.h" />
		<Unit filename="src\core\resource.cpp" />
		<Unit filename="src\core\resource.h" />
		<Unit filename="src\core\resourcemanager.cpp" />
		<Unit filename="src\core\resourcemanager.h" />
		<Unit filename="src\core\image\animation.cpp" />
		<Unit filename="src\core\image\animation.h" />
		<Unit filename="src\core\image\dye.cpp" />
		<Unit filename="src\core\image\dye.h" />
		<Unit filename="src\core\image\image.cpp" />
		<Unit filename="src\core\image\image.h" />
		<Unit filename="src\core\image\imageloader.cpp" />
		<Unit filename="src\core\image\imageloader.h" />
		<Unit filename="src\core\image\imageset.h" />
		<Unit filename="src\core\image\imageset.cpp" />
		<Unit filename="src\core\image\imagewriter.cpp" />
		<Unit filename="src\core\image\imagewriter.h" />
		<Unit filename="src\core\image\simpleanimation.cpp" />
		<Unit filename="src\core\image\simpleanimation.h" />
		<Unit filename="src\core\image\wallpapermanager.cpp" />
		<Unit filename="src\core\image\wallpapermanager.h" />
		<Unit filename="src\core\image\particle\animationparticle.cpp" />
		<Unit filename="src\core\image\particle\animationparticle.h" />
		<Unit filename="src\core\image\particle\imageparticle.cpp" />
		<Unit filename="src\core\image\particle\imageparticle.h" />
		<Unit filename="src\core\image\particle\particle.cpp" />
		<Unit filename="src\core\image\particle\particle.h" />
		<Unit filename="src\core\image\particle\particlecontainer.cpp" />
		<Unit filename="src\core\image\particle\particlecontainer.h" />
		<Unit filename="src\core\image\particle\particleemitter.cpp" />
		<Unit filename="src\core\image\particle\particleemitter.h" />
		<Unit filename="src\core\image\particle\particleemitterprop.h" />
		<Unit filename="src\core\image\particle\rotationalparticle.cpp" />
		<Unit filename="src\core\image\particle\rotationalparticle.h" />
		<Unit filename="src\core\image\particle\textparticle.cpp" />
		<Unit filename="src\core\image\particle\textparticle.h" />
		<Unit filename="src\core\map\ambientlayer.cpp" />
		<Unit filename="src\core\map\ambientlayer.h" />
		<Unit filename="src\core\map\map.cpp" />
		<Unit filename="src\core\map\map.h" />
		<Unit filename="src\core\map\mapreader.cpp" />
		<Unit filename="src\core\map\mapreader.h" />
		<Unit filename="src\core\map\position.cpp" />
		<Unit filename="src\core\map\position.h" />
		<Unit filename="src\core\map\properties.h" />
		<Unit filename="src\core\map\tileset.h" />
		<Unit filename="src\core\map\sprite\action.cpp" />
		<Unit filename="src\core\map\sprite\action.h" />
		<Unit filename="src\core\map\sprite\animatedsprite.cpp" />
		<Unit filename="src\core\map\sprite\animatedsprite.h" />
		<Unit filename="src\core\map\sprite\being.cpp" />
		<Unit filename="src\core\map\sprite\being.h" />
		<Unit filename="src\core\map\sprite\flooritem.cpp" />
		<Unit filename="src\core\map\sprite\flooritem.h" />
		<Unit filename="src\core\map\sprite\localplayer.cpp" />
		<Unit filename="src\core\map\sprite\localplayer.h" />
		<Unit filename="src\core\map\sprite\monster.cpp" />
		<Unit filename="src\core\map\sprite\monster.h" />
		<Unit filename="src\core\map\sprite\npc.cpp" />
		<Unit filename="src\core\map\sprite\npc.h" />
		<Unit filename="src\core\map\sprite\player.cpp" />
		<Unit filename="src\core\map\sprite\player.h" />
		<Unit filename="src\core\map\sprite\sprite.h" />
		<Unit filename="src\core\map\sprite\spritedef.cpp" />
		<Unit filename="src\core\map\sprite\spritedef.h" />
		<Unit filename="src\core\sound\music.cpp" />
		<Unit filename="src\core\sound\music.h" />
		<Unit filename="src\core\sound\soundeffect.cpp" />
		<Unit filename="src\core\sound\soundeffect.h" />
		<Unit filename="src\core\utils\base64.cpp" />
		<Unit filename="src\core\utils\base64.h" />
		<Unit filename="src\core\utils\clipboard.cpp" />
		<Unit filename="src\core\utils\clipboard.h" />
		<Unit filename="src\core\utils\dtor.h" />
		<Unit filename="src\core\utils\fastsqrt.h" />
		<Unit filename="src\core\utils\gettext.h" />
		<Unit filename="src\core\utils\lockedarray.h" />
		<Unit filename="src\core\utils\metric.h" />
		<Unit filename="src\core\utils\mutex.h" />
		<Unit filename="src\core\utils\stringutils.cpp" />
		<Unit filename="src\core\utils\stringutils.h" />
		<Unit filename="src\core\utils\vector.cpp" />
		<Unit filename="src\core\utils\vector.h" />
		<Unit filename="src\core\utils\xml.cpp" />
		<Unit filename="src\core\utils\xml.h" />
		<Unit filename="src\eathena\beingmanager.cpp" />
		<Unit filename="src\eathena\beingmanager.h" />
		<Unit filename="src\eathena\flooritemmanager.cpp" />
		<Unit filename="src\eathena\flooritemmanager.h" />
		<Unit filename="src\eathena\game.cpp" />
		<Unit filename="src\eathena\game.h" />
		<Unit filename="src\eathena\party.cpp" />
		<Unit filename="src\eathena\party.h" />
		<Unit filename="src\eathena\playerrelations.cpp" />
		<Unit filename="src\eathena\playerrelations.h" />
		<Unit filename="src\eathena\statemanager.cpp" />
		<Unit filename="src\eathena\statemanager.h" />
		<Unit filename="src\eathena\db\colordb.cpp" />
		<Unit filename="src\eathena\db\colordb.h" />
		<Unit filename="src\eathena\db\effectdb.cpp" />
		<Unit filename="src\eathena\db\effectdb.h" />
		<Unit filename="src\eathena\db\emotedb.cpp" />
		<Unit filename="src\eathena\db\emotedb.h" />
		<Unit filename="src\eathena\db\itemdb.cpp" />
		<Unit filename="src\eathena\db\itemdb.h" />
		<Unit filename="src\eathena\db\iteminfo.h" />
		<Unit filename="src\eathena\db\iteminfo.cpp" />
		<Unit filename="src\eathena\db\monsterdb.cpp" />
		<Unit filename="src\eathena\db\monsterdb.h" />
		<Unit filename="src\eathena\db\monsterinfo.cpp" />
		<Unit filename="src\eathena\db\monsterinfo.h" />
		<Unit filename="src\eathena\db\npcdb.cpp" />
		<Unit filename="src\eathena\db\npcdb.h" />
		<Unit filename="src\eathena\db\skilldb.cpp" />
		<Unit filename="src\eathena\db\skilldb.h" />
		<Unit filename="src\eathena\gui\tabs\setup_game.cpp" />
		<Unit filename="src\eathena\gui\tabs\setup_game.h" />
		<Unit filename="src\eathena\gui\tabs\setup_players.cpp" />
		<Unit filename="src\eathena\gui\tabs\setup_players.h" />
		<Unit filename="src\eathena\gui\buy.cpp" />
		<Unit filename="src\eathena\gui\buy.h" />
		<Unit filename="src\eathena\gui\buysell.cpp" />
		<Unit filename="src\eathena\gui\buysell.h" />
		<Unit filename="src\eathena\gui\charcreate.cpp" />
		<Unit filename="src\eathena\gui\charcreate.h" />
		<Unit filename="src\eathena\gui\charselect.cpp" />
		<Unit filename="src\eathena\gui\charselect.h" />
		<Unit filename="src\eathena\gui\chat.cpp" />
		<Unit filename="src\eathena\gui\chat.h" />
		<Unit filename="src\eathena\gui\debugwindow.cpp" />
		<Unit filename="src\eathena\gui\debugwindow.h" />
		<Unit filename="src\eathena\gui\emotewindow.cpp" />
		<Unit filename="src\eathena\gui\emotewindow.h" />
		<Unit filename="src\eathena\gui\equipmentwindow.cpp" />
		<Unit filename="src\eathena\gui\equipmentwindow.h" />
		<Unit filename="src\eathena\gui\inventorywindow.cpp" />
		<Unit filename="src\eathena\gui\inventorywindow.h" />
		<Unit filename="src\eathena\gui\itempopup.cpp" />
		<Unit filename="src\eathena\gui\itempopup.h" />
		<Unit filename="src\eathena\gui\itemamount.cpp" />
		<Unit filename="src\eathena\gui\itemamount.h" />
		<Unit filename="src\eathena\gui\login.cpp" />
		<Unit filename="src\eathena\gui\login.h" />
		<Unit filename="src\eathena\gui\menubar.cpp" />
		<Unit filename="src\eathena\gui\menubar.h" />
		<Unit filename="src\eathena\gui\minimap.cpp" />
		<Unit filename="src\eathena\gui\minimap.h" />
		<Unit filename="src\eathena\gui\ministatus.cpp" />
		<Unit filename="src\eathena\gui\ministatus.h" />
		<Unit filename="src\eathena\gui\npcintegerdialog.cpp" />
		<Unit filename="src\eathena\gui\npcintegerdialog.h" />
		<Unit filename="src\eathena\gui\npclistdialog.cpp" />
		<Unit filename="src\eathena\gui\npclistdialog.h" />
		<Unit filename="src\eathena\gui\npcstringdialog.cpp" />
		<Unit filename="src\eathena\gui\npcstringdialog.h" />
		<Unit filename="src\eathena\gui\npctext.cpp" />
		<Unit filename="src\eathena\gui\npctext.h" />
		<Unit filename="src\eathena\gui\popupmenu.cpp" />
		<Unit filename="src\eathena\gui\popupmenu.h" />
		<Unit filename="src\eathena\gui\register.cpp" />
		<Unit filename="src\eathena\gui\register.h" />
		<Unit filename="src\eathena\gui\sell.cpp" />
		<Unit filename="src\eathena\gui\sell.h" />
		<Unit filename="src\eathena\gui\serverlistdialog.cpp" />
		<Unit filename="src\eathena\gui\serverlistdialog.h" />
		<Unit filename="src\eathena\gui\skill.cpp" />
		<Unit filename="src\eathena\gui\skill.h" />
		<Unit filename="src\eathena\gui\slotselection.cpp" />
		<Unit filename="src\eathena\gui\slotselection.h" />
		<Unit filename="src\eathena\gui\status.cpp" />
		<Unit filename="src\eathena\gui\status.h" />
		<Unit filename="src\eathena\gui\storagewindow.cpp" />
		<Unit filename="src\eathena\gui\storagewindow.h" />
		<Unit filename="src\eathena\gui\trade.cpp" />
		<Unit filename="src\eathena\gui\trade.h" />
		<Unit filename="src\eathena\gui\updatewindow.h" />
		<Unit filename="src\eathena\gui\updatewindow.cpp" />
		<Unit filename="src\eathena\gui\viewport.cpp" />
		<Unit filename="src\eathena\gui\viewport.h" />
		<Unit filename="src\eathena\handlers\downloadupdates.cpp" />
		<Unit filename="src\eathena\handlers\downloadupdates.h" />
		<Unit filename="src\eathena\handlers\emoteshortcut.h" />
		<Unit filename="src\eathena\handlers\itemlinkhandler.cpp" />
		<Unit filename="src\eathena\handlers\itemlinkhandler.h" />
		<Unit filename="src\eathena\handlers\itemshortcut.h" />
		<Unit filename="src\eathena\models\ignorechoiceslistmodel.h" />
		<Unit filename="src\eathena\models\playerrelationlistmodel.h" />
		<Unit filename="src\eathena\models\playertablemodel.cpp" />
		<Unit filename="src\eathena\models\playertablemodel.h" />
		<Unit filename="src\eathena\models\shoplistmodel.cpp" />
		<Unit filename="src\eathena\models\shoplistmodel.h" />
		<Unit filename="src\eathena\models\skilltablemodel.cpp" />
		<Unit filename="src\eathena\models\skilltablemodel.h" />
		<Unit filename="src\eathena\net\beinghandler.h" />
		<Unit filename="src\eathena\net\beinghandler.cpp" />
		<Unit filename="src\eathena\net\buysellhandler.h" />
		<Unit filename="src\eathena\net\buysellhandler.cpp" />
		<Unit filename="src\eathena\net\charserverhandler.h" />
		<Unit filename="src\eathena\net\charserverhandler.cpp" />
		<Unit filename="src\eathena\net\chathandler.h" />
		<Unit filename="src\eathena\net\chathandler.cpp" />
		<Unit filename="src\eathena\net\equipmenthandler.h" />
		<Unit filename="src\eathena\net\equipmenthandler.cpp" />
		<Unit filename="src\eathena\net\inventoryhandler.h" />
		<Unit filename="src\eathena\net\inventoryhandler.cpp" />
		<Unit filename="src\eathena\net\itemhandler.h" />
		<Unit filename="src\eathena\net\itemhandler.cpp" />
		<Unit filename="src\eathena\net\logindata.h" />
		<Unit filename="src\eathena\net\loginhandler.h" />
		<Unit filename="src\eathena\net\loginhandler.cpp" />
		<Unit filename="src\eathena\net\maploginhandler.cpp" />
		<Unit filename="src\eathena\net\maploginhandler.h" />
		<Unit filename="src\eathena\net\messagehandler.cpp" />
		<Unit filename="src\eathena\net\messagehandler.h" />
		<Unit filename="src\eathena\net\messagein.cpp" />
		<Unit filename="src\eathena\net\messagein.h" />
		<Unit filename="src\eathena\net\messageout.cpp" />
		<Unit filename="src\eathena\net\messageout.h" />
		<Unit filename="src\eathena\net\network.cpp" />
		<Unit filename="src\eathena\net\network.h" />
		<Unit filename="src\eathena\net\npchandler.cpp" />
		<Unit filename="src\eathena\net\npchandler.h" />
		<Unit filename="src\eathena\net\partyhandler.cpp" />
		<Unit filename="src\eathena\net\partyhandler.h" />
		<Unit filename="src\eathena\net\playerhandler.cpp" />
		<Unit filename="src\eathena\net\playerhandler.h" />
		<Unit filename="src\eathena\net\protocol.h" />
		<Unit filename="src\eathena\net\serverinfo.h" />
		<Unit filename="src\eathena\net\skillhandler.cpp" />
		<Unit filename="src\eathena\net\skillhandler.h" />
		<Unit filename="src\eathena\net\tradehandler.cpp" />
		<Unit filename="src\eathena\net\tradehandler.h" />
		<Unit filename="src\eathena\structs/equipment.cpp" />
		<Unit filename="src\eathena\structs/equipment.h" />
		<Unit filename="src\eathena\structs/inventory.cpp" />
		<Unit filename="src\eathena\structs/inventory.h" />
		<Unit filename="src\eathena\structs/item.cpp" />
		<Unit filename="src\eathena\structs/item.h" />
		<Unit filename="src\eathena\structs/shopitem.cpp" />
		<Unit filename="src\eathena\structs/shopitem.h" />
		<Unit filename="src\eathena\widgets\emotecontainer.cpp" />
		<Unit filename="src\eathena\widgets\emotecontainer.h" />
		<Unit filename="src\eathena\widgets\emoteshortcutcontainer.cpp" />
		<Unit filename="src\eathena\widgets\emoteshortcutcontainer.h" />
		<Unit filename="src\eathena\widgets\itemcontainer.cpp" />
		<Unit filename="src\eathena\widgets\itemcontainer.h" />
		<Unit filename="src\eathena\widgets\itemshortcutcontainer.cpp" />
		<Unit filename="src\eathena\widgets\itemshortcutcontainer.h" />
		<Unit filename="src\eathena\widgets\shoplistbox.cpp" />
		<Unit filename="src\eathena\widgets\shoplistbox.h" />
		<Unit filename="src\engine.cpp" />
		<Unit filename="src\engine.h" />
		<Unit filename="src\main.cpp" />
		<Unit filename="src\main.h" />
		<Unit filename="src\options.h" />

		<Unit filename="src\platform\win32\winver.h">
			<Option target="windows" />
		</Unit>
		<Unit filename="src\platform\win32\aethyra.rc">
			<Option compilerVar="CPP" />
			<Option target="windows" />
		</Unit>

		<Extensions>
			<code_completion />
			<envvars />
			<debugger />
			<lib_finder disable_auto="1" />
		</Extensions>
	</Project>
</CodeBlocks_project_file>
